
Microsoft Visual Studio Solution File, Format Version 12.00
# Visual Studio Version 17
VisualStudioVersion = 17.14.36518.9 d17.14
MinimumVisualStudioVersion = 10.0.40219.1
Project("{FAE04EC0-301F-11D3-BF4B-00C04F79EFBC}") = "PronunciationDemo", "PronunciationDemo.csproj", "{C0E43892-B1C9-463C-BF69-55BF018845A2}"
EndProject
Global
	GlobalSection(SolutionConfigurationPlatforms) = preSolution
		Debug|x64 = Debug|x64
		Release|x64 = Release|x64
	EndGlobalSection
	GlobalSection(ProjectConfigurationPlatforms) = postSolution
		{C0E43892-B1C9-463C-BF69-55BF018845A2}.Debug|x64.ActiveCfg = Debug|x64
		{C0E43892-B1C9-463C-BF69-55BF018845A2}.Debug|x64.Build.0 = Debug|x64
		{C0E43892-B1C9-463C-BF69-55BF018845A2}.Release|x64.ActiveCfg = Release|x64
		{C0E43892-B1C9-463C-BF69-55BF018845A2}.Release|x64.Build.0 = Release|x64
	EndGlobalSection
	GlobalSection(SolutionProperties) = preSolution
		HideSolutionNode = FALSE
	EndGlobalSection
	GlobalSection(ExtensibilityGlobals) = postSolution
		SolutionGuid = {9564D3E5-3F77-457B-A11C-2C331BE8118C}
	EndGlobalSection
EndGlobal
